
Microsoft Visual Studio Solution File, Format Version 12.00
# Visual Studio 2013
VisualStudioVersion = 12.0.21005.1
MinimumVisualStudioVersion = 10.0.40219.1
Project("{FAE04EC0-301F-11D3-BF4B-00C04F79EFBC}") = "PersianPortal", "PersianPortal\PersianPortal.csproj", "{2E1F86FE-6C39-47A7-A46E-2D22ED7582E6}"
EndProject
Project("{FAE04EC0-301F-11D3-BF4B-00C04F79EFBC}") = "PersianPortal.Tests", "PersianPortal.Tests\PersianPortal.Tests.csproj", "{6247F49E-24FE-427A-AC73-C2C4ADCFECC8}"
EndProject
Global
	GlobalSection(SolutionConfigurationPlatforms) = preSolution
		Debug|Any CPU = Debug|Any CPU
		Release|Any CPU = Release|Any CPU
	EndGlobalSection
	GlobalSection(ProjectConfigurationPlatforms) = postSolution
		{2E1F86FE-6C39-47A7-A46E-2D22ED7582E6}.Debug|Any CPU.ActiveCfg = Debug|Any CPU
		{2E1F86FE-6C39-47A7-A46E-2D22ED7582E6}.Debug|Any CPU.Build.0 = Debug|Any CPU
		{2E1F86FE-6C39-47A7-A46E-2D22ED7582E6}.Release|Any CPU.ActiveCfg = Release|Any CPU
		{2E1F86FE-6C39-47A7-A46E-2D22ED7582E6}.Release|Any CPU.Build.0 = Release|Any CPU
		{6247F49E-24FE-427A-AC73-C2C4ADCFECC8}.Debug|Any CPU.ActiveCfg = Debug|Any CPU
		{6247F49E-24FE-427A-AC73-C2C4ADCFECC8}.Debug|Any CPU.Build.0 = Debug|Any CPU
		{6247F49E-24FE-427A-AC73-C2C4ADCFECC8}.Release|Any CPU.ActiveCfg = Release|Any CPU
		{6247F49E-24FE-427A-AC73-C2C4ADCFECC8}.Release|Any CPU.Build.0 = Release|Any CPU
	EndGlobalSection
	GlobalSection(SolutionProperties) = preSolution
		HideSolutionNode = FALSE
	EndGlobalSection
EndGlobal
